
Microsoft Visual Studio Solution File, Format Version 12.00
# Visual Studio Version 17
VisualStudioVersion = 17.11.35303.130
MinimumVisualStudioVersion = 10.0.40219.1
Project("{2150E333-8FDC-42A3-9474-1A3956D46DE8}") = "Task0", "Task0", "{8D92CB61-4E8D-4805-88A9-C498DAB20928}"
EndProject
Project("{FAE04EC0-301F-11D3-BF4B-00C04F79EFBC}") = "Tyuiu.BushlyaYaV.Sprint3.Task0.V3", "Tyuiu.BushlyaYaV.Sprint3.Task0.V3\Tyuiu.BushlyaYaV.Sprint3.Task0.V3.csproj", "{1CF0CA66-9250-4A9E-A9AC-E3578D75A47C}"
EndProject
Project("{FAE04EC0-301F-11D3-BF4B-00C04F79EFBC}") = "Tyuiu.BushlyaYaV.Sprint3.Task0.V3.Lib", "Tyuiu.BushlyaYaV.Sprint3.Task0.V3.Lib\Tyuiu.BushlyaYaV.Sprint3.Task0.V3.Lib.csproj", "{16C3B42B-EF66-405B-B3B8-67C8F420661C}"
EndProject
Project("{FAE04EC0-301F-11D3-BF4B-00C04F79EFBC}") = "Tyuiu.BushlyaYaV.Sprint3.Task0.V3.Test", "Tyuiu.BushlyaYaV.Sprint3.Task0.V3.Test\Tyuiu.BushlyaYaV.Sprint3.Task0.V3.Test.csproj", "{D4969124-1A63-4120-962F-7C8C8B95F7D6}"
EndProject
Project("{2150E333-8FDC-42A3-9474-1A3956D46DE8}") = "Task1", "Task1", "{7C8B94EC-9365-4FA2-BA05-E3962A94475D}"
EndProject
Project("{FAE04EC0-301F-11D3-BF4B-00C04F79EFBC}") = "Tyuiu.BushlyaYaV.Sprint3.Task1.V18", "Tyuiu.BushlyaYaV.Sprint3.Task1.V18\Tyuiu.BushlyaYaV.Sprint3.Task1.V18.csproj", "{F3FA085C-0700-40AC-B290-4876081CBE54}"
EndProject
Project("{FAE04EC0-301F-11D3-BF4B-00C04F79EFBC}") = "Tyuiu.BushlyaYaV.Sprint3.Task1.V18.Lib", "Tyuiu.BushlyaYaV.Sprint3.Task1.V18.Lib\Tyuiu.BushlyaYaV.Sprint3.Task1.V18.Lib.csproj", "{24D7D53D-A620-4552-B570-C1DF4615F9BD}"
EndProject
Project("{FAE04EC0-301F-11D3-BF4B-00C04F79EFBC}") = "Tyuiu.BushlyaYaV.Sprint3.Task1.V18.Test", "Tyuiu.BushlyaYaV.Sprint3.Task1.V18.Test\Tyuiu.BushlyaYaV.Sprint3.Task1.V18.Test.csproj", "{3209E100-E776-4998-8D08-6D0E328C71B0}"
EndProject
Project("{2150E333-8FDC-42A3-9474-1A3956D46DE8}") = "Task2", "Task2", "{CFD04103-D461-4882-A699-1F3E0305B067}"
EndProject
Project("{FAE04EC0-301F-11D3-BF4B-00C04F79EFBC}") = "Tyuiu.BushlyaYaV.Sprint3.Task2.V3", "Tyuiu.BushlyaYaV.Sprint3.Task2.V3\Tyuiu.BushlyaYaV.Sprint3.Task2.V3.csproj", "{DB240FB2-4380-4812-B306-5EA7165E15DB}"
EndProject
Project("{FAE04EC0-301F-11D3-BF4B-00C04F79EFBC}") = "Tyuiu.BushlyaYaV.Sprint3.Task2.V3.Lib", "Tyuiu.BushlyaYaV.Sprint3.Task2.V3.Lib\Tyuiu.BushlyaYaV.Sprint3.Task2.V3.Lib.csproj", "{E6733235-E854-4044-9363-68D03A4D9693}"
EndProject
Project("{FAE04EC0-301F-11D3-BF4B-00C04F79EFBC}") = "Tyuiu.BushlyaYaV.Sprint3.Task2.V3.Test", "Tyuiu.BushlyaYaV.Sprint3.Task2.V3.Test\Tyuiu.BushlyaYaV.Sprint3.Task2.V3.Test.csproj", "{9455651B-DDE9-478E-932E-26B14254B2E8}"
EndProject
Global
	GlobalSection(SolutionConfigurationPlatforms) = preSolution
		Debug|Any CPU = Debug|Any CPU
		Release|Any CPU = Release|Any CPU
	EndGlobalSection
	GlobalSection(ProjectConfigurationPlatforms) = postSolution
		{1CF0CA66-9250-4A9E-A9AC-E3578D75A47C}.Debug|Any CPU.ActiveCfg = Debug|Any CPU
		{1CF0CA66-9250-4A9E-A9AC-E3578D75A47C}.Debug|Any CPU.Build.0 = Debug|Any CPU
		{1CF0CA66-9250-4A9E-A9AC-E3578D75A47C}.Release|Any CPU.ActiveCfg = Release|Any CPU
		{1CF0CA66-9250-4A9E-A9AC-E3578D75A47C}.Release|Any CPU.Build.0 = Release|Any CPU
		{16C3B42B-EF66-405B-B3B8-67C8F420661C}.Debug|Any CPU.ActiveCfg = Debug|Any CPU
		{16C3B42B-EF66-405B-B3B8-67C8F420661C}.Debug|Any CPU.Build.0 = Debug|Any CPU
		{16C3B42B-EF66-405B-B3B8-67C8F420661C}.Release|Any CPU.ActiveCfg = Release|Any CPU
		{16C3B42B-EF66-405B-B3B8-67C8F420661C}.Release|Any CPU.Build.0 = Release|Any CPU
		{D4969124-1A63-4120-962F-7C8C8B95F7D6}.Debug|Any CPU.ActiveCfg = Debug|Any CPU
		{D4969124-1A63-4120-962F-7C8C8B95F7D6}.Debug|Any CPU.Build.0 = Debug|Any CPU
		{D4969124-1A63-4120-962F-7C8C8B95F7D6}.Release|Any CPU.ActiveCfg = Release|Any CPU
		{D4969124-1A63-4120-962F-7C8C8B95F7D6}.Release|Any CPU.Build.0 = Release|Any CPU
		{F3FA085C-0700-40AC-B290-4876081CBE54}.Debug|Any CPU.ActiveCfg = Debug|Any CPU
		{F3FA085C-0700-40AC-B290-4876081CBE54}.Debug|Any CPU.Build.0 = Debug|Any CPU
		{F3FA085C-0700-40AC-B290-4876081CBE54}.Release|Any CPU.ActiveCfg = Release|Any CPU
		{F3FA085C-0700-40AC-B290-4876081CBE54}.Release|Any CPU.Build.0 = Release|Any CPU
		{24D7D53D-A620-4552-B570-C1DF4615F9BD}.Debug|Any CPU.ActiveCfg = Debug|Any CPU
		{24D7D53D-A620-4552-B570-C1DF4615F9BD}.Debug|Any CPU.Build.0 = Debug|Any CPU
		{24D7D53D-A620-4552-B570-C1DF4615F9BD}.Release|Any CPU.ActiveCfg = Release|Any CPU
		{24D7D53D-A620-4552-B570-C1DF4615F9BD}.Release|Any CPU.Build.0 = Release|Any CPU
		{3209E100-E776-4998-8D08-6D0E328C71B0}.Debug|Any CPU.ActiveCfg = Debug|Any CPU
		{3209E100-E776-4998-8D08-6D0E328C71B0}.Debug|Any CPU.Build.0 = Debug|Any CPU
		{3209E100-E776-4998-8D08-6D0E328C71B0}.Release|Any CPU.ActiveCfg = Release|Any CPU
		{3209E100-E776-4998-8D08-6D0E328C71B0}.Release|Any CPU.Build.0 = Release|Any CPU
		{DB240FB2-4380-4812-B306-5EA7165E15DB}.Debug|Any CPU.ActiveCfg = Debug|Any CPU
		{DB240FB2-4380-4812-B306-5EA7165E15DB}.Debug|Any CPU.Build.0 = Debug|Any CPU
		{DB240FB2-4380-4812-B306-5EA7165E15DB}.Release|Any CPU.ActiveCfg = Release|Any CPU
		{DB240FB2-4380-4812-B306-5EA7165E15DB}.Release|Any CPU.Build.0 = Release|Any CPU
		{E6733235-E854-4044-9363-68D03A4D9693}.Debug|Any CPU.ActiveCfg = Debug|Any CPU
		{E6733235-E854-4044-9363-68D03A4D9693}.Debug|Any CPU.Build.0 = Debug|Any CPU
		{E6733235-E854-4044-9363-68D03A4D9693}.Release|Any CPU.ActiveCfg = Release|Any CPU
		{E6733235-E854-4044-9363-68D03A4D9693}.Release|Any CPU.Build.0 = Release|Any CPU
		{9455651B-DDE9-478E-932E-26B14254B2E8}.Debug|Any CPU.ActiveCfg = Debug|Any CPU
		{9455651B-DDE9-478E-932E-26B14254B2E8}.Debug|Any CPU.Build.0 = Debug|Any CPU
		{9455651B-DDE9-478E-932E-26B14254B2E8}.Release|Any CPU.ActiveCfg = Release|Any CPU
		{9455651B-DDE9-478E-932E-26B14254B2E8}.Release|Any CPU.Build.0 = Release|Any CPU
	EndGlobalSection
	GlobalSection(SolutionProperties) = preSolution
		HideSolutionNode = FALSE
	EndGlobalSection
	GlobalSection(NestedProjects) = preSolution
		{1CF0CA66-9250-4A9E-A9AC-E3578D75A47C} = {8D92CB61-4E8D-4805-88A9-C498DAB20928}
		{16C3B42B-EF66-405B-B3B8-67C8F420661C} = {8D92CB61-4E8D-4805-88A9-C498DAB20928}
		{D4969124-1A63-4120-962F-7C8C8B95F7D6} = {8D92CB61-4E8D-4805-88A9-C498DAB20928}
		{F3FA085C-0700-40AC-B290-4876081CBE54} = {7C8B94EC-9365-4FA2-BA05-E3962A94475D}
		{24D7D53D-A620-4552-B570-C1DF4615F9BD} = {7C8B94EC-9365-4FA2-BA05-E3962A94475D}
		{3209E100-E776-4998-8D08-6D0E328C71B0} = {7C8B94EC-9365-4FA2-BA05-E3962A94475D}
		{DB240FB2-4380-4812-B306-5EA7165E15DB} = {CFD04103-D461-4882-A699-1F3E0305B067}
		{E6733235-E854-4044-9363-68D03A4D9693} = {CFD04103-D461-4882-A699-1F3E0305B067}
		{9455651B-DDE9-478E-932E-26B14254B2E8} = {CFD04103-D461-4882-A699-1F3E0305B067}
	EndGlobalSection
	GlobalSection(ExtensibilityGlobals) = postSolution
		SolutionGuid = {4751BA43-BCA8-4F03-B4D4-45C8018A5BCC}
	EndGlobalSection
EndGlobal
